
Microsoft Visual Studio Solution File, Format Version 12.00
# Visual Studio Version 17
VisualStudioVersion = 17.4.33110.190
MinimumVisualStudioVersion = 10.0.40219.1
Project("{9A19103F-16F7-4668-BE54-9A1E7A4F7556}") = "Quotes", "Quotes.csproj", "{AD5A272B-F5C7-4E3F-814C-D76B3B9F998B}"
EndProject
Global
	GlobalSection(SolutionConfigurationPlatforms) = preSolution
		Debug|Any CPU = Debug|Any CPU
		Release|Any CPU = Release|Any CPU
	EndGlobalSection
	GlobalSection(ProjectConfigurationPlatforms) = postSolution
		{AD5A272B-F5C7-4E3F-814C-D76B3B9F998B}.Debug|Any CPU.ActiveCfg = Debug|Any CPU
		{AD5A272B-F5C7-4E3F-814C-D76B3B9F998B}.Debug|Any CPU.Build.0 = Debug|Any CPU
		{AD5A272B-F5C7-4E3F-814C-D76B3B9F998B}.Release|Any CPU.ActiveCfg = Release|Any CPU
		{AD5A272B-F5C7-4E3F-814C-D76B3B9F998B}.Release|Any CPU.Build.0 = Release|Any CPU
	EndGlobalSection
	GlobalSection(SolutionProperties) = preSolution
		HideSolutionNode = FALSE
	EndGlobalSection
	GlobalSection(ExtensibilityGlobals) = postSolution
		SolutionGuid = {5DCAF68C-7001-421D-8A75-AC0D225256D4}
	EndGlobalSection
EndGlobal
